
Microsoft Visual Studio Solution File, Format Version 12.00
# Visual Studio Version 17
VisualStudioVersion = 17.5.33530.505
MinimumVisualStudioVersion = 10.0.40219.1
Project("{FAE04EC0-301F-11D3-BF4B-00C04F79EFBC}") = "BT1", "BT1\BT1.csproj", "{4A137253-BF04-4147-86BD-1814363F7225}"
EndProject
Project("{FAE04EC0-301F-11D3-BF4B-00C04F79EFBC}") = "BT2", "BT2\BT2.csproj", "{9A6C5F1F-CA76-4AF8-B5E3-69DE649E460A}"
EndProject
Project("{FAE04EC0-301F-11D3-BF4B-00C04F79EFBC}") = "BT3Fix", "BT3Fix\BT3Fix.csproj", "{3B1D1907-BA9E-4061-849A-DB7F83B0760D}"
EndProject
Project("{FAE04EC0-301F-11D3-BF4B-00C04F79EFBC}") = "BT4-3Ts", "BT4-3Ts\BT4-3Ts.csproj", "{1D9459C5-BB1E-456E-A6D9-4459850E6321}"
EndProject
Project("{FAE04EC0-301F-11D3-BF4B-00C04F79EFBC}") = "BT5", "BT5\BT5.csproj", "{3875B7F5-DCC0-42F8-B007-45FEED571444}"
EndProject
Project("{FAE04EC0-301F-11D3-BF4B-00C04F79EFBC}") = "BT6", "BT6\BT6.csproj", "{1E06D11C-C3E6-4214-95DD-A0806AF2621A}"
EndProject
Global
	GlobalSection(SolutionConfigurationPlatforms) = preSolution
		Debug|Any CPU = Debug|Any CPU
		Release|Any CPU = Release|Any CPU
	EndGlobalSection
	GlobalSection(ProjectConfigurationPlatforms) = postSolution
		{4A137253-BF04-4147-86BD-1814363F7225}.Debug|Any CPU.ActiveCfg = Debug|Any CPU
		{4A137253-BF04-4147-86BD-1814363F7225}.Debug|Any CPU.Build.0 = Debug|Any CPU
		{4A137253-BF04-4147-86BD-1814363F7225}.Release|Any CPU.ActiveCfg = Release|Any CPU
		{4A137253-BF04-4147-86BD-1814363F7225}.Release|Any CPU.Build.0 = Release|Any CPU
		{9A6C5F1F-CA76-4AF8-B5E3-69DE649E460A}.Debug|Any CPU.ActiveCfg = Debug|Any CPU
		{9A6C5F1F-CA76-4AF8-B5E3-69DE649E460A}.Debug|Any CPU.Build.0 = Debug|Any CPU
		{9A6C5F1F-CA76-4AF8-B5E3-69DE649E460A}.Release|Any CPU.ActiveCfg = Release|Any CPU
		{9A6C5F1F-CA76-4AF8-B5E3-69DE649E460A}.Release|Any CPU.Build.0 = Release|Any CPU
		{3B1D1907-BA9E-4061-849A-DB7F83B0760D}.Debug|Any CPU.ActiveCfg = Debug|Any CPU
		{3B1D1907-BA9E-4061-849A-DB7F83B0760D}.Debug|Any CPU.Build.0 = Debug|Any CPU
		{3B1D1907-BA9E-4061-849A-DB7F83B0760D}.Release|Any CPU.ActiveCfg = Release|Any CPU
		{3B1D1907-BA9E-4061-849A-DB7F83B0760D}.Release|Any CPU.Build.0 = Release|Any CPU
		{1D9459C5-BB1E-456E-A6D9-4459850E6321}.Debug|Any CPU.ActiveCfg = Debug|Any CPU
		{1D9459C5-BB1E-456E-A6D9-4459850E6321}.Debug|Any CPU.Build.0 = Debug|Any CPU
		{1D9459C5-BB1E-456E-A6D9-4459850E6321}.Release|Any CPU.ActiveCfg = Release|Any CPU
		{1D9459C5-BB1E-456E-A6D9-4459850E6321}.Release|Any CPU.Build.0 = Release|Any CPU
		{3875B7F5-DCC0-42F8-B007-45FEED571444}.Debug|Any CPU.ActiveCfg = Debug|Any CPU
		{3875B7F5-DCC0-42F8-B007-45FEED571444}.Debug|Any CPU.Build.0 = Debug|Any CPU
		{3875B7F5-DCC0-42F8-B007-45FEED571444}.Release|Any CPU.ActiveCfg = Release|Any CPU
		{3875B7F5-DCC0-42F8-B007-45FEED571444}.Release|Any CPU.Build.0 = Release|Any CPU
		{1E06D11C-C3E6-4214-95DD-A0806AF2621A}.Debug|Any CPU.ActiveCfg = Debug|Any CPU
		{1E06D11C-C3E6-4214-95DD-A0806AF2621A}.Debug|Any CPU.Build.0 = Debug|Any CPU
		{1E06D11C-C3E6-4214-95DD-A0806AF2621A}.Release|Any CPU.ActiveCfg = Release|Any CPU
		{1E06D11C-C3E6-4214-95DD-A0806AF2621A}.Release|Any CPU.Build.0 = Release|Any CPU
	EndGlobalSection
	GlobalSection(SolutionProperties) = preSolution
		HideSolutionNode = FALSE
	EndGlobalSection
	GlobalSection(ExtensibilityGlobals) = postSolution
		SolutionGuid = {243814B0-A991-4BE7-91A9-D861B29FE3D3}
	EndGlobalSection
EndGlobal
